
Microsoft Visual Studio Solution File, Format Version 12.00
# Visual Studio Version 16
VisualStudioVersion = 16.0.31402.337
MinimumVisualStudioVersion = 10.0.40219.1
Project("{9A19103F-16F7-4668-BE54-9A1E7A4F7556}") = "courtesynotes", "courtesynotes\courtesynotes.csproj", "{D91EC11E-0C49-4D9B-9FF3-41B2260B6AF2}"
EndProject
Global
	GlobalSection(SolutionConfigurationPlatforms) = preSolution
		Debug|Any CPU = Debug|Any CPU
		Release|Any CPU = Release|Any CPU
	EndGlobalSection
	GlobalSection(ProjectConfigurationPlatforms) = postSolution
		{D91EC11E-0C49-4D9B-9FF3-41B2260B6AF2}.Debug|Any CPU.ActiveCfg = Debug|Any CPU
		{D91EC11E-0C49-4D9B-9FF3-41B2260B6AF2}.Debug|Any CPU.Build.0 = Debug|Any CPU
		{D91EC11E-0C49-4D9B-9FF3-41B2260B6AF2}.Release|Any CPU.ActiveCfg = Release|Any CPU
		{D91EC11E-0C49-4D9B-9FF3-41B2260B6AF2}.Release|Any CPU.Build.0 = Release|Any CPU
	EndGlobalSection
	GlobalSection(SolutionProperties) = preSolution
		HideSolutionNode = FALSE
	EndGlobalSection
	GlobalSection(ExtensibilityGlobals) = postSolution
		SolutionGuid = {887498A1-69A6-4140-974A-B60E38FC0244}
	EndGlobalSection
EndGlobal
